# THIS IS AN AUTOGENERATED FILE. DO NOT EDIT THIS FILE DIRECTLY.
# yarn lockfile v1


"@encapsule/arccore@0.1.8":
  version "0.1.8"
  resolved "https://registry.yarnpkg.com/@encapsule/arccore/-/arccore-0.1.8.tgz#68f94f2ec7f9307423250979ecc578406365eee9"
  integrity sha512-fWzUvk/R0QrcixEwTyctDQ/wDeRC1QEt42Th2ygqHR1EzRDBD897j1e60qIm12/HAjXJgxTg29SAwZhsjKSiQw==
